
Microsoft Visual Studio Solution File, Format Version 12.00
# Visual Studio Version 17
VisualStudioVersion = 17.8.34330.188
MinimumVisualStudioVersion = 10.0.40219.1
Project("{FAE04EC0-301F-11D3-BF4B-00C04F79EFBC}") = "datumIvrijeme", "datumIvrijeme\datumIvrijeme.csproj", "{BF83E2FD-C207-42DD-B805-3B658BC17C58}"
EndProject
Global
	GlobalSection(SolutionConfigurationPlatforms) = preSolution
		Debug|Any CPU = Debug|Any CPU
		Release|Any CPU = Release|Any CPU
	EndGlobalSection
	GlobalSection(ProjectConfigurationPlatforms) = postSolution
		{BF83E2FD-C207-42DD-B805-3B658BC17C58}.Debug|Any CPU.ActiveCfg = Debug|Any CPU
		{BF83E2FD-C207-42DD-B805-3B658BC17C58}.Debug|Any CPU.Build.0 = Debug|Any CPU
		{BF83E2FD-C207-42DD-B805-3B658BC17C58}.Release|Any CPU.ActiveCfg = Release|Any CPU
		{BF83E2FD-C207-42DD-B805-3B658BC17C58}.Release|Any CPU.Build.0 = Release|Any CPU
	EndGlobalSection
	GlobalSection(SolutionProperties) = preSolution
		HideSolutionNode = FALSE
	EndGlobalSection
	GlobalSection(ExtensibilityGlobals) = postSolution
		SolutionGuid = {3E878A98-FDE1-4D9B-BCE2-EEFB41866EBD}
	EndGlobalSection
EndGlobal
